// !$*UTF8*$!
{
	archiveVersion = 1;
	classes = {
	};
	objectVersion = 46;
	objects = {

/* Begin PBXBuildFile section */
		968F59FE1A845435007D82C7 /* pen.png in Resources */ = {isa = PBXBuildFile; fileRef = 968F59FD1A845435007D82C7 /* pen.png */; };
		96B8AC2F1A82FF1C00B6D428 /* AppDelegate.swift in Sources */ = {isa = PBXBuildFile; fileRef = 96B8AC2E1A82FF1C00B6D428 /* AppDelegate.swift */; };
		96B8AC311A82FF1C00B6D428 /* ViewController.swift in Sources */ = {isa = PBXBuildFile; fileRef = 96B8AC301A82FF1C00B6D428 /* ViewController.swift */; };
		96B8AC341A82FF1C00B6D428 /* Main.storyboard in Resources */ = {isa = PBXBuildFile; fileRef = 96B8AC321A82FF1C00B6D428 /* Main.storyboard */; };
		96B8AC361A82FF1C00B6D428 /* Images.xcassets in Resources */ = {isa = PBXBuildFile; fileRef = 96B8AC351A82FF1C00B6D428 /* Images.xcassets */; };
		96B8AC391A82FF1C00B6D428 /* LaunchScreen.xib in Resources */ = {isa = PBXBuildFile; fileRef = 96B8AC371A82FF1C00B6D428 /* LaunchScreen.xib */; };
		96B8AC451A82FF1C00B6D428 /* LKDrawWordTests.swift in Sources */ = {isa = PBXBuildFile; fileRef = 96B8AC441A82FF1C00B6D428 /* LKDrawWordTests.swift */; };
		96B8AC4F1A83025D00B6D428 /* LKDrawWordLayer.swift in Sources */ = {isa = PBXBuildFile; fileRef = 96B8AC4E1A83025D00B6D428 /* LKDrawWordLayer.swift */; };
/* End PBXBuildFile section */

/* Begin PBXContainerItemProxy section */
		96B8AC3F1A82FF1C00B6D428 /* PBXContainerItemProxy */ = {
			isa = PBXContainerItemProxy;
			containerPortal = 96B8AC211A82FF1C00B6D428 /* Project object */;
			proxyType = 1;
			remoteGlobalIDString = 96B8AC281A82FF1C00B6D428;
			remoteInfo = LKDrawWord;
		};
/* End PBXContainerItemProxy section */

/* Begin PBXFileReference section */
		968F59FD1A845435007D82C7 /* pen.png */ = {isa = PBXFileReference; lastKnownFileType = image.png; path = pen.png; sourceTree = "<group>"; };
		96B8AC291A82FF1C00B6D428 /* LKDrawWord.app */ = {isa = PBXFileReference; explicitFileType = wrapper.application; includeInIndex = 0; path = LKDrawWord.app; sourceTree = BUILT_PRODUCTS_DIR; };
		96B8AC2D1A82FF1C00B6D428 /* Info.plist */ = {isa = PBXFileReference; lastKnownFileType = text.plist.xml; path = Info.plist; sourceTree = "<group>"; };
		96B8AC2E1A82FF1C00B6D428 /* AppDelegate.swift */ = {isa = PBXFileReference; lastKnownFileType = sourcecode.swift; path = AppDelegate.swift; sourceTree = "<group>"; };
		96B8AC301A82FF1C00B6D428 /* ViewController.swift */ = {isa = PBXFileReference; lastKnownFileType = sourcecode.swift; path = ViewController.swift; sourceTree = "<group>"; };
		96B8AC331A82FF1C00B6D428 /* Base */ = {isa = PBXFileReference; lastKnownFileType = file.storyboard; name = Base; path = Base.lproj/Main.storyboard; sourceTree = "<group>"; };
		96B8AC351A82FF1C00B6D428 /* Images.xcassets */ = {isa = PBXFileReference; lastKnownFileType = folder.assetcatalog; path = Images.xcassets; sourceTree = "<group>"; };
		96B8AC381A82FF1C00B6D428 /* Base */ = {isa = PBXFileReference; lastKnownFileType = file.xib; name = Base; path = Base.lproj/LaunchScreen.xib; sourceTree = "<group>"; };
		96B8AC3E1A82FF1C00B6D428 /* LKDrawWordTests.xctest */ = {isa = PBXFileReference; explicitFileType = wrapper.cfbundle; includeInIndex = 0; path = LKDrawWordTests.xctest; sourceTree = BUILT_PRODUCTS_DIR; };
		96B8AC431A82FF1C00B6D428 /* Info.plist */ = {isa = PBXFileReference; lastKnownFileType = text.plist.xml; path = Info.plist; sourceTree = "<group>"; };
		96B8AC441A82FF1C00B6D428 /* LKDrawWordTests.swift */ = {isa = PBXFileReference; lastKnownFileType = sourcecode.swift; path = LKDrawWordTests.swift; sourceTree = "<group>"; };
		96B8AC4E1A83025D00B6D428 /* LKDrawWordLayer.swift */ = {isa = PBXFileReference; fileEncoding = 4; lastKnownFileType = sourcecode.swift; path = LKDrawWordLayer.swift; sourceTree = "<group>"; };
/* End PBXFileReference section */

/* Begin PBXFrameworksBuildPhase section */
		96B8AC261A82FF1C00B6D428 /* Frameworks */ = {
			isa = PBXFrameworksBuildPhase;
			buildActionMask = 2147483647;
			files = (
			);
			runOnlyForDeploymentPostprocessing = 0;
		};
		96B8AC3B1A82FF1C00B6D428 /* Frameworks */ = {
			isa = PBXFrameworksBuildPhase;
			buildActionMask = 2147483647;
			files = (
			);
			runOnlyForDeploymentPostprocessing = 0;
		};
/* End PBXFrameworksBuildPhase section */

/* Begin PBXGroup section */
		96B8AC201A82FF1C00B6D428 = {
			isa = PBXGroup;
			children = (
				96B8AC2B1A82FF1C00B6D428 /* LKDrawWord */,
				96B8AC411A82FF1C00B6D428 /* LKDrawWordTests */,
				96B8AC2A1A82FF1C00B6D428 /* Products */,
			);
			sourceTree = "<group>";
		};
		96B8AC2A1A82FF1C00B6D428 /* Products */ = {
			isa = PBXGroup;
			children = (
				96B8AC291A82FF1C00B6D428 /* LKDrawWord.app */,
				96B8AC3E1A82FF1C00B6D428 /* LKDrawWordTests.xctest */,
			);
			name = Products;
			sourceTree = "<group>";
		};
		96B8AC2B1A82FF1C00B6D428 /* LKDrawWord */ = {
			isa = PBXGroup;
			children = (
				968F59FD1A845435007D82C7 /* pen.png */,
				96B8AC2E1A82FF1C00B6D428 /* AppDelegate.swift */,
				96B8AC301A82FF1C00B6D428 /* ViewController.swift */,
				96B8AC321A82FF1C00B6D428 /* Main.storyboard */,
				96B8AC4E1A83025D00B6D428 /* LKDrawWordLayer.swift */,
				96B8AC351A82FF1C00B6D428 /* Images.xcassets */,
				96B8AC371A82FF1C00B6D428 /* LaunchScreen.xib */,
				96B8AC2C1A82FF1C00B6D428 /* Supporting Files */,
			);
			path = LKDrawWord;
			sourceTree = "<group>";
		};
		96B8AC2C1A82FF1C00B6D428 /* Supporting Files */ = {
			isa = PBXGroup;
			children = (
				96B8AC2D1A82FF1C00B6D428 /* Info.plist */,
			);
			name = "Supporting Files";
			sourceTree = "<group>";
		};
		96B8AC411A82FF1C00B6D428 /* LKDrawWordTests */ = {
			isa = PBXGroup;
			children = (
				96B8AC441A82FF1C00B6D428 /* LKDrawWordTests.swift */,
				96B8AC421A82FF1C00B6D428 /* Supporting Files */,
			);
			path = LKDrawWordTests;
			sourceTree = "<group>";
		};
		96B8AC421A82FF1C00B6D428 /* Supporting Files */ = {
			isa = PBXGroup;
			children = (
				96B8AC431A82FF1C00B6D428 /* Info.plist */,
			);
			name = "Supporting Files";
			sourceTree = "<group>";
		};
/* End PBXGroup section */

/* Begin PBXNativeTarget section */
		96B8AC281A82FF1C00B6D428 /* LKDrawWord */ = {
			isa = PBXNativeTarget;
			buildConfigurationList = 96B8AC481A82FF1C00B6D428 /* Build configuration list for PBXNativeTarget "LKDrawWord" */;
			buildPhases = (
				96B8AC251A82FF1C00B6D428 /* Sources */,
				96B8AC261A82FF1C00B6D428 /* Frameworks */,
				96B8AC271A82FF1C00B6D428 /* Resources */,
			);
			buildRules = (
			);
			dependencies = (
			);
			name = LKDrawWord;
			productName = LKDrawWord;
			productReference = 96B8AC291A82FF1C00B6D428 /* LKDrawWord.app */;
			productType = "com.apple.product-type.application";
		};
		96B8AC3D1A82FF1C00B6D428 /* LKDrawWordTests */ = {
			isa = PBXNativeTarget;
			buildConfigurationList = 96B8AC4B1A82FF1C00B6D428 /* Build configuration list for PBXNativeTarget "LKDrawWordTests" */;
			buildPhases = (
				96B8AC3A1A82FF1C00B6D428 /* Sources */,
				96B8AC3B1A82FF1C00B6D428 /* Frameworks */,
				96B8AC3C1A82FF1C00B6D428 /* Resources */,
			);
			buildRules = (
			);
			dependencies = (
				96B8AC401A82FF1C00B6D428 /* PBXTargetDependency */,
			);
			name = LKDrawWordTests;
			productName = LKDrawWordTests;
			productReference = 96B8AC3E1A82FF1C00B6D428 /* LKDrawWordTests.xctest */;
			productType = "com.apple.product-type.bundle.unit-test";
		};
/* End PBXNativeTarget section */

/* Begin PBXProject section */
		96B8AC211A82FF1C00B6D428 /* Project object */ = {
			isa = PBXProject;
			attributes = {
				LastUpgradeCheck = 0610;
				ORGANIZATIONNAME = lkk;
				TargetAttributes = {
					96B8AC281A82FF1C00B6D428 = {
						CreatedOnToolsVersion = 6.1.1;
					};
					96B8AC3D1A82FF1C00B6D428 = {
						CreatedOnToolsVersion = 6.1.1;
						TestTargetID = 96B8AC281A82FF1C00B6D428;
					};
				};
			};
			buildConfigurationList = 96B8AC241A82FF1C00B6D428 /* Build configuration list for PBXProject "LKDrawWord" */;
			compatibilityVersion = "Xcode 3.2";
			developmentRegion = English;
			hasScannedForEncodings = 0;
			knownRegions = (
				en,
				Base,
			);
			mainGroup = 96B8AC201A82FF1C00B6D428;
			productRefGroup = 96B8AC2A1A82FF1C00B6D428 /* Products */;
			projectDirPath = "";
			projectRoot = "";
			targets = (
				96B8AC281A82FF1C00B6D428 /* LKDrawWord */,
				96B8AC3D1A82FF1C00B6D428 /* LKDrawWordTests */,
			);
		};
/* End PBXProject section */

/* Begin PBXResourcesBuildPhase section */
		96B8AC271A82FF1C00B6D428 /* Resources */ = {
			isa = PBXResourcesBuildPhase;
			buildActionMask = 2147483647;
			files = (
				96B8AC341A82FF1C00B6D428 /* Main.storyboard in Resources */,
				968F59FE1A845435007D82C7 /* pen.png in Resources */,
				96B8AC391A82FF1C00B6D428 /* LaunchScreen.xib in Resources */,
				96B8AC361A82FF1C00B6D428 /* Images.xcassets in Resources */,
			);
			runOnlyForDeploymentPostprocessing = 0;
		};
		96B8AC3C1A82FF1C00B6D428 /* Resources */ = {
			isa = PBXResourcesBuildPhase;
			buildActionMask = 2147483647;
			files = (
			);
			runOnlyForDeploymentPostprocessing = 0;
		};
/* End PBXResourcesBuildPhase section */

/* Begin PBXSourcesBuildPhase section */
		96B8AC251A82FF1C00B6D428 /* Sources */ = {
			isa = PBXSourcesBuildPhase;
			buildActionMask = 2147483647;
			files = (
				96B8AC4F1A83025D00B6D428 /* LKDrawWordLayer.swift in Sources */,
				96B8AC311A82FF1C00B6D428 /* ViewController.swift in Sources */,
				96B8AC2F1A82FF1C00B6D428 /* AppDelegate.swift in Sources */,
			);
			runOnlyForDeploymentPostprocessing = 0;
		};
		96B8AC3A1A82FF1C00B6D428 /* Sources */ = {
			isa = PBXSourcesBuildPhase;
			buildActionMask = 2147483647;
			files = (
				96B8AC451A82FF1C00B6D428 /* LKDrawWordTests.swift in Sources */,
			);
			runOnlyForDeploymentPostprocessing = 0;
		};
/* End PBXSourcesBuildPhase section */

/* Begin PBXTargetDependency section */
		96B8AC401A82FF1C00B6D428 /* PBXTargetDependency */ = {
			isa = PBXTargetDependency;
			target = 96B8AC281A82FF1C00B6D428 /* LKDrawWord */;
			targetProxy = 96B8AC3F1A82FF1C00B6D428 /* PBXContainerItemProxy */;
		};
/* End PBXTargetDependency section */

/* Begin PBXVariantGroup section */
		96B8AC321A82FF1C00B6D428 /* Main.storyboard */ = {
			isa = PBXVariantGroup;
			children = (
				96B8AC331A82FF1C00B6D428 /* Base */,
			);
			name = Main.storyboard;
			sourceTree = "<group>";
		};
		96B8AC371A82FF1C00B6D428 /* LaunchScreen.xib */ = {
			isa = PBXVariantGroup;
			children = (
				96B8AC381A82FF1C00B6D428 /* Base */,
			);
			name = LaunchScreen.xib;
			sourceTree = "<group>";
		};
/* End PBXVariantGroup section */

/* Begin XCBuildConfiguration section */
		96B8AC461A82FF1C00B6D428 /* Debug */ = {
			isa = XCBuildConfiguration;
			buildSettings = {
				ALWAYS_SEARCH_USER_PATHS = NO;
				CLANG_CXX_LANGUAGE_STANDARD = "gnu++0x";
				CLANG_CXX_LIBRARY = "libc++";
				CLANG_ENABLE_MODULES = YES;
				CLANG_ENABLE_OBJC_ARC = YES;
				CLANG_WARN_BOOL_CONVERSION = YES;
				CLANG_WARN_CONSTANT_CONVERSION = YES;
				CLANG_WARN_DIRECT_OBJC_ISA_USAGE = YES_ERROR;
				CLANG_WARN_EMPTY_BODY = YES;
				CLANG_WARN_ENUM_CONVERSION = YES;
				CLANG_WARN_INT_CONVERSION = YES;
				CLANG_WARN_OBJC_ROOT_CLASS = YES_ERROR;
				CLANG_WARN_UNREACHABLE_CODE = YES;
				CLANG_WARN__DUPLICATE_METHOD_MATCH = YES;
				"CODE_SIGN_IDENTITY[sdk=iphoneos*]" = "iPhone Developer";
				COPY_PHASE_STRIP = NO;
				ENABLE_STRICT_OBJC_MSGSEND = YES;
				GCC_C_LANGUAGE_STANDARD = gnu99;
				GCC_DYNAMIC_NO_PIC = NO;
				GCC_OPTIMIZATION_LEVEL = 0;
				GCC_PREPROCESSOR_DEFINITIONS = (
					"DEBUG=1",
					"$(inherited)",
				);
				GCC_SYMBOLS_PRIVATE_EXTERN = NO;
				GCC_WARN_64_TO_32_BIT_CONVERSION = YES;
				GCC_WARN_ABOUT_RETURN_TYPE = YES_ERROR;
				GCC_WARN_UNDECLARED_SELECTOR = YES;
				GCC_WARN_UNINITIALIZED_AUTOS = YES_AGGRESSIVE;
				GCC_WARN_UNUSED_FUNCTION = YES;
				GCC_WARN_UNUSED_VARIABLE = YES;
				IPHONEOS_DEPLOYMENT_TARGET = 8.1;
				MTL_ENABLE_DEBUG_INFO = YES;
				ONLY_ACTIVE_ARCH = YES;
				SDKROOT = iphoneos;
				SWIFT_OPTIMIZATION_LEVEL = "-Onone";
			};
			name = Debug;
		};
		96B8AC471A82FF1C00B6D428 /* Release */ = {
			isa = XCBuildConfiguration;
			buildSettings = {
				ALWAYS_SEARCH_USER_PATHS = NO;
				CLANG_CXX_LANGUAGE_STANDARD = "gnu++0x";
				CLANG_CXX_LIBRARY = "libc++";
				CLANG_ENABLE_MODULES = YES;
				CLANG_ENABLE_OBJC_ARC = YES;
				CLANG_WARN_BOOL_CONVERSION = YES;
				CLANG_WARN_CONSTANT_CONVERSION = YES;
				CLANG_WARN_DIRECT_OBJC_ISA_USAGE = YES_ERROR;
				CLANG_WARN_EMPTY_BODY = YES;
				CLANG_WARN_ENUM_CONVERSION = YES;
				CLANG_WARN_INT_CONVERSION = YES;
				CLANG_WARN_OBJC_ROOT_CLASS = YES_ERROR;
				CLANG_WARN_UNREACHABLE_CODE = YES;
				CLANG_WARN__DUPLICATE_METHOD_MATCH = YES;
				"CODE_SIGN_IDENTITY[sdk=iphoneos*]" = "iPhone Developer";
				COPY_PHASE_STRIP = YES;
				ENABLE_NS_ASSERTIONS = NO;
				ENABLE_STRICT_OBJC_MSGSEND = YES;
				GCC_C_LANGUAGE_STANDARD = gnu99;
				GCC_WARN_64_TO_32_BIT_CONVERSION = YES;
				GCC_WARN_ABOUT_RETURN_TYPE = YES_ERROR;
				GCC_WARN_UNDECLARED_SELECTOR = YES;
				GCC_WARN_UNINITIALIZED_AUTOS = YES_AGGRESSIVE;
				GCC_WARN_UNUSED_FUNCTION = YES;
				GCC_WARN_UNUSED_VARIABLE = YES;
				IPHONEOS_DEPLOYMENT_TARGET = 8.1;
				MTL_ENABLE_DEBUG_INFO = NO;
				SDKROOT = iphoneos;
				VALIDATE_PRODUCT = YES;
			};
			name = Release;
		};
		96B8AC491A82FF1C00B6D428 /* Debug */ = {
			isa = XCBuildConfiguration;
			buildSettings = {
				ASSETCATALOG_COMPILER_APPICON_NAME = AppIcon;
				INFOPLIST_FILE = LKDrawWord/Info.plist;
				LD_RUNPATH_SEARCH_PATHS = "$(inherited) @executable_path/Frameworks";
				PRODUCT_NAME = "$(TARGET_NAME)";
			};
			name = Debug;
		};
		96B8AC4A1A82FF1C00B6D428 /* Release */ = {
			isa = XCBuildConfiguration;
			buildSettings = {
				ASSETCATALOG_COMPILER_APPICON_NAME = AppIcon;
				INFOPLIST_FILE = LKDrawWord/Info.plist;
				LD_RUNPATH_SEARCH_PATHS = "$(inherited) @executable_path/Frameworks";
				PRODUCT_NAME = "$(TARGET_NAME)";
			};
			name = Release;
		};
		96B8AC4C1A82FF1C00B6D428 /* Debug */ = {
			isa = XCBuildConfiguration;
			buildSettings = {
				BUNDLE_LOADER = "$(TEST_HOST)";
				FRAMEWORK_SEARCH_PATHS = (
					"$(SDKROOT)/Developer/Library/Frameworks",
					"$(inherited)",
				);
				GCC_PREPROCESSOR_DEFINITIONS = (
					"DEBUG=1",
					"$(inherited)",
				);
				INFOPLIST_FILE = LKDrawWordTests/Info.plist;
				LD_RUNPATH_SEARCH_PATHS = "$(inherited) @executable_path/Frameworks @loader_path/Frameworks";
				PRODUCT_NAME = "$(TARGET_NAME)";
				TEST_HOST = "$(BUILT_PRODUCTS_DIR)/LKDrawWord.app/LKDrawWord";
			};
			name = Debug;
		};
		96B8AC4D1A82FF1C00B6D428 /* Release */ = {
			isa = XCBuildConfiguration;
			buildSettings = {
				BUNDLE_LOADER = "$(TEST_HOST)";
				FRAMEWORK_SEARCH_PATHS = (
					"$(SDKROOT)/Developer/Library/Frameworks",
					"$(inherited)",
				);
				INFOPLIST_FILE = LKDrawWordTests/Info.plist;
				LD_RUNPATH_SEARCH_PATHS = "$(inherited) @executable_path/Frameworks @loader_path/Frameworks";
				PRODUCT_NAME = "$(TARGET_NAME)";
				TEST_HOST = "$(BUILT_PRODUCTS_DIR)/LKDrawWord.app/LKDrawWord";
			};
			name = Release;
		};
/* End XCBuildConfiguration section */

/* Begin XCConfigurationList section */
		96B8AC241A82FF1C00B6D428 /* Build configuration list for PBXProject "LKDrawWord" */ = {
			isa = XCConfigurationList;
			buildConfigurations = (
				96B8AC461A82FF1C00B6D428 /* Debug */,
				96B8AC471A82FF1C00B6D428 /* Release */,
			);
			defaultConfigurationIsVisible = 0;
			defaultConfigurationName = Release;
		};
		96B8AC481A82FF1C00B6D428 /* Build configuration list for PBXNativeTarget "LKDrawWord" */ = {
			isa = XCConfigurationList;
			buildConfigurations = (
				96B8AC491A82FF1C00B6D428 /* Debug */,
				96B8AC4A1A82FF1C00B6D428 /* Release */,
			);
			defaultConfigurationIsVisible = 0;
			defaultConfigurationName = Release;
		};
		96B8AC4B1A82FF1C00B6D428 /* Build configuration list for PBXNativeTarget "LKDrawWordTests" */ = {
			isa = XCConfigurationList;
			buildConfigurations = (
				96B8AC4C1A82FF1C00B6D428 /* Debug */,
				96B8AC4D1A82FF1C00B6D428 /* Release */,
			);
			defaultConfigurationIsVisible = 0;
			defaultConfigurationName = Release;
		};
/* End XCConfigurationList section */
	};
	rootObject = 96B8AC211A82FF1C00B6D428 /* Project object */;
}
